<?xml version="1.0" encoding="utf-8"?>
<Project ToolsVersion="4.0" xmlns="http://schemas.microsoft.com/developer/msbuild/2003">
  <ItemGroup>
    <Filter Include="Source Files">
      <UniqueIdentifier>{4FC737F1-C7A5-4376-A066-2A32D752A2FF}</UniqueIdentifier>
      <Extensions>cpp;c;cc;cxx;def;odl;idl;hpj;bat;asm;asmx</Extensions>
    </Filter>
    <Filter Include="Header Files">
      <UniqueIdentifier>{93995380-89BD-4b04-88EB-625FBE52EBFB}</UniqueIdentifier>
      <Extensions>h;hh;hpp;hxx;hm;inl;inc;ipp;xsd</Extensions>
    </Filter>
    <Filter Include="Resource Files">
      <UniqueIdentifier>{67DA6AB6-F800-4c08-8B7A-83BB121AAD01}</UniqueIdentifier>
      <Extensions>rc;ico;cur;bmp;dlg;rc2;rct;bin;rgs;gif;jpg;jpeg;jpe;resx;tiff;tif;png;wav;mfcribbon-ms</Extensions>
    </Filter>
    <Filter Include="Source Files\Resources">
      <UniqueIdentifier>{3a8ebe3d-6d14-4259-8a65-95176227a8ab}</UniqueIdentifier>
    </Filter>
    <Filter Include="Source Files\List">
      <UniqueIdentifier>{b775a168-568b-4b3c-9e9e-67485a7877ae}</UniqueIdentifier>
    </Filter>
    <Filter Include="Source Files\Tile &amp; Tilemap">
      <UniqueIdentifier>{d23ade34-26ea-4408-9882-885022e6584d}</UniqueIdentifier>
    </Filter>
    <Filter Include="Source Files\GameStates">
      <UniqueIdentifier>{93b97156-2044-47ae-996b-520b302de7fc}</UniqueIdentifier>
    </Filter>
  </ItemGroup>
  <ItemGroup>
    <ClCompile Include="TileEntity.cpp">
      <Filter>Source Files\Tile &amp; Tilemap</Filter>
    </ClCompile>
    <ClCompile Include="ResourceTile.cpp">
      <Filter>Source Files\Resources</Filter>
    </ClCompile>
    <ClCompile Include="TileMap.cpp">
      <Filter>Source Files\Tile &amp; Tilemap</Filter>
    </ClCompile>
    <ClCompile Include="Game.cpp">
      <Filter>Source Files\GameStates</Filter>
    </ClCompile>
    <ClCompile Include="GameOver.cpp">
      <Filter>Source Files\GameStates</Filter>
    </ClCompile>
    <ClCompile Include="GameState.cpp">
      <Filter>Source Files\GameStates</Filter>
    </ClCompile>
    <ClCompile Include="Main.cpp">
      <Filter>Source Files\GameStates</Filter>
    </ClCompile>
    <ClCompile Include="startMeny.cpp">
      <Filter>Source Files\GameStates</Filter>
    </ClCompile>
    <ClCompile Include="Clickable.cpp">
      <Filter>Source Files</Filter>
    </ClCompile>
    <ClCompile Include="Reshandler.cpp">
      <Filter>Source Files</Filter>
    </ClCompile>
  </ItemGroup>
  <ItemGroup>
    <ClInclude Include="ResourceTile.h">
      <Filter>Source Files\Resources</Filter>
    </ClInclude>
    <ClInclude Include="TileEntity.h">
      <Filter>Source Files\Tile &amp; Tilemap</Filter>
    </ClInclude>
    <ClInclude Include="List.h">
      <Filter>Source Files\List</Filter>
    </ClInclude>
    <ClInclude Include="Node.h">
      <Filter>Source Files\List</Filter>
    </ClInclude>
    <ClInclude Include="TileMap.h">
      <Filter>Source Files\Tile &amp; Tilemap</Filter>
    </ClInclude>
    <ClInclude Include="Game.h">
      <Filter>Source Files\GameStates</Filter>
    </ClInclude>
    <ClInclude Include="GameOver.h">
      <Filter>Source Files\GameStates</Filter>
    </ClInclude>
    <ClInclude Include="GameState.h">
      <Filter>Source Files\GameStates</Filter>
    </ClInclude>
    <ClInclude Include="startMeny.h">
      <Filter>Source Files\GameStates</Filter>
    </ClInclude>
    <ClInclude Include="State.h">
      <Filter>Source Files\GameStates</Filter>
    </ClInclude>
    <ClInclude Include="Clickable.h">
      <Filter>Source Files</Filter>
    </ClInclude>
    <ClInclude Include="Reshandler.h">
      <Filter>Source Files</Filter>
    </ClInclude>
  </ItemGroup>
</Project>